<Solution>
  <Project Path="BackendJuegos.Api/BackendJuegos.Api.csproj" />
  <Project Path="BackendJuegos.Application/BackendJuegos.Application.csproj" />
  <Project Path="BackendJuegos.Domain/BackendJuegos.Domain.csproj" />
  <Project Path="BackendJuegos.Infrastructure/BackendJuegos.Infrastructure.csproj" />
</Solution>
